
Microsoft Visual Studio Solution File, Format Version 12.00
# Visual Studio 14
VisualStudioVersion = 14.0.23107.0
MinimumVisualStudioVersion = 10.0.40219.1
Project("{FAE04EC0-301F-11D3-BF4B-00C04F79EFBC}") = "TearcVN.Tests", "TearcVN.Tests\TearcVN.Tests.csproj", "{5C53F967-D69C-4776-B941-602D3CB18379}"
EndProject
Project("{00D1A9C2-B5F0-4AF3-8072-F6C62B433612}") = "TearcVN.Database", "TearcVN.Database\TearcVN.Database.sqlproj", "{07F34619-CB94-4BF2-BC42-D99E7BFE2AEF}"
EndProject
Project("{FAE04EC0-301F-11D3-BF4B-00C04F79EFBC}") = "TearcVN.DataAccess", "TearcVN.DataAccess\TearcVN.DataAccess.csproj", "{AF514B08-F275-424A-AE8D-9AF7387FAD6C}"
EndProject
Project("{FAE04EC0-301F-11D3-BF4B-00C04F79EFBC}") = "TearcVN.Web", "TearcVN.Web\TearcVN.Web.csproj", "{88642494-229C-470B-8180-FF78D6A66CD7}"
EndProject
Project("{FAE04EC0-301F-11D3-BF4B-00C04F79EFBC}") = "TearcVN.Utils", "TearcVN.Utils\TearcVN.Utils.csproj", "{F886540F-A012-4BF1-BCAE-80F1697F183A}"
EndProject
Global
	GlobalSection(SolutionConfigurationPlatforms) = preSolution
		Debug|Any CPU = Debug|Any CPU
		Release|Any CPU = Release|Any CPU
	EndGlobalSection
	GlobalSection(ProjectConfigurationPlatforms) = postSolution
		{5C53F967-D69C-4776-B941-602D3CB18379}.Debug|Any CPU.ActiveCfg = Debug|Any CPU
		{5C53F967-D69C-4776-B941-602D3CB18379}.Debug|Any CPU.Build.0 = Debug|Any CPU
		{5C53F967-D69C-4776-B941-602D3CB18379}.Release|Any CPU.ActiveCfg = Release|Any CPU
		{5C53F967-D69C-4776-B941-602D3CB18379}.Release|Any CPU.Build.0 = Release|Any CPU
		{07F34619-CB94-4BF2-BC42-D99E7BFE2AEF}.Debug|Any CPU.ActiveCfg = Debug|Any CPU
		{07F34619-CB94-4BF2-BC42-D99E7BFE2AEF}.Debug|Any CPU.Build.0 = Debug|Any CPU
		{07F34619-CB94-4BF2-BC42-D99E7BFE2AEF}.Debug|Any CPU.Deploy.0 = Debug|Any CPU
		{07F34619-CB94-4BF2-BC42-D99E7BFE2AEF}.Release|Any CPU.ActiveCfg = Release|Any CPU
		{07F34619-CB94-4BF2-BC42-D99E7BFE2AEF}.Release|Any CPU.Build.0 = Release|Any CPU
		{07F34619-CB94-4BF2-BC42-D99E7BFE2AEF}.Release|Any CPU.Deploy.0 = Release|Any CPU
		{AF514B08-F275-424A-AE8D-9AF7387FAD6C}.Debug|Any CPU.ActiveCfg = Debug|Any CPU
		{AF514B08-F275-424A-AE8D-9AF7387FAD6C}.Debug|Any CPU.Build.0 = Debug|Any CPU
		{AF514B08-F275-424A-AE8D-9AF7387FAD6C}.Release|Any CPU.ActiveCfg = Release|Any CPU
		{AF514B08-F275-424A-AE8D-9AF7387FAD6C}.Release|Any CPU.Build.0 = Release|Any CPU
		{88642494-229C-470B-8180-FF78D6A66CD7}.Debug|Any CPU.ActiveCfg = Debug|Any CPU
		{88642494-229C-470B-8180-FF78D6A66CD7}.Debug|Any CPU.Build.0 = Debug|Any CPU
		{88642494-229C-470B-8180-FF78D6A66CD7}.Release|Any CPU.ActiveCfg = Release|Any CPU
		{88642494-229C-470B-8180-FF78D6A66CD7}.Release|Any CPU.Build.0 = Release|Any CPU
		{F886540F-A012-4BF1-BCAE-80F1697F183A}.Debug|Any CPU.ActiveCfg = Debug|Any CPU
		{F886540F-A012-4BF1-BCAE-80F1697F183A}.Debug|Any CPU.Build.0 = Debug|Any CPU
		{F886540F-A012-4BF1-BCAE-80F1697F183A}.Release|Any CPU.ActiveCfg = Release|Any CPU
		{F886540F-A012-4BF1-BCAE-80F1697F183A}.Release|Any CPU.Build.0 = Release|Any CPU
	EndGlobalSection
	GlobalSection(SolutionProperties) = preSolution
		HideSolutionNode = FALSE
	EndGlobalSection
EndGlobal
