
Microsoft Visual Studio Solution File, Format Version 12.00
# Visual Studio 14
VisualStudioVersion = 14.0.23107.0
MinimumVisualStudioVersion = 10.0.40219.1
Project("{FAE04EC0-301F-11D3-BF4B-00C04F79EFBC}") = "TearcVN.Tests", "TearcVN.Tests\TearcVN.Tests.csproj", "{5C53F967-D69C-4776-B941-602D3CB18379}"
EndProject
Project("{00D1A9C2-B5F0-4AF3-8072-F6C62B433612}") = "TearcVN.Database", "TearcVN.Database\TearcVN.Database.sqlproj", "{07F34619-CB94-4BF2-BC42-D99E7BFE2AEF}"
EndProject
Project("{8BB2217D-0F2D-49D1-97BC-3654ED321F3B}") = "TearcVN.Web", "TearcVN.Web\TearcVN.Web.xproj", "{8C6F45FE-0948-4447-958D-55EBE738A407}"
EndProject
Global
	GlobalSection(SolutionConfigurationPlatforms) = preSolution
		Debug|Any CPU = Debug|Any CPU
		Release|Any CPU = Release|Any CPU
	EndGlobalSection
	GlobalSection(ProjectConfigurationPlatforms) = postSolution
		{5C53F967-D69C-4776-B941-602D3CB18379}.Debug|Any CPU.ActiveCfg = Debug|Any CPU
		{5C53F967-D69C-4776-B941-602D3CB18379}.Debug|Any CPU.Build.0 = Debug|Any CPU
		{5C53F967-D69C-4776-B941-602D3CB18379}.Release|Any CPU.ActiveCfg = Release|Any CPU
		{5C53F967-D69C-4776-B941-602D3CB18379}.Release|Any CPU.Build.0 = Release|Any CPU
		{07F34619-CB94-4BF2-BC42-D99E7BFE2AEF}.Debug|Any CPU.ActiveCfg = Debug|Any CPU
		{07F34619-CB94-4BF2-BC42-D99E7BFE2AEF}.Debug|Any CPU.Build.0 = Debug|Any CPU
		{07F34619-CB94-4BF2-BC42-D99E7BFE2AEF}.Debug|Any CPU.Deploy.0 = Debug|Any CPU
		{07F34619-CB94-4BF2-BC42-D99E7BFE2AEF}.Release|Any CPU.ActiveCfg = Release|Any CPU
		{07F34619-CB94-4BF2-BC42-D99E7BFE2AEF}.Release|Any CPU.Build.0 = Release|Any CPU
		{07F34619-CB94-4BF2-BC42-D99E7BFE2AEF}.Release|Any CPU.Deploy.0 = Release|Any CPU
		{8C6F45FE-0948-4447-958D-55EBE738A407}.Debug|Any CPU.ActiveCfg = Debug|Any CPU
		{8C6F45FE-0948-4447-958D-55EBE738A407}.Debug|Any CPU.Build.0 = Debug|Any CPU
		{8C6F45FE-0948-4447-958D-55EBE738A407}.Release|Any CPU.ActiveCfg = Release|Any CPU
		{8C6F45FE-0948-4447-958D-55EBE738A407}.Release|Any CPU.Build.0 = Release|Any CPU
	EndGlobalSection
	GlobalSection(SolutionProperties) = preSolution
		HideSolutionNode = FALSE
	EndGlobalSection
EndGlobal
